
Microsoft Visual Studio Solution File, Format Version 12.00
Project("{2150E333-8FDC-42A3-9474-1A3956D46DE8}") = "Microservices", "Microservices", "{969E7E78-BA44-4F69-8090-0D29AC10ED60}"
EndProject
Project("{2150E333-8FDC-42A3-9474-1A3956D46DE8}") = "Presentation", "Presentation", "{936AC740-FF2F-4648-902C-C755238B2B04}"
EndProject
Project("{2150E333-8FDC-42A3-9474-1A3956D46DE8}") = "ApiGateway", "ApiGateway", "{3B3AC743-31CF-46E0-B6D6-BE88CC69C024}"
EndProject
Project("{2150E333-8FDC-42A3-9474-1A3956D46DE8}") = "BlazorSPA", "BlazorSPA", "{58000631-5EC1-4779-B232-59B7FB7010D3}"
EndProject
Project("{2150E333-8FDC-42A3-9474-1A3956D46DE8}") = "Auth", "Auth", "{C4B95827-1011-4785-A559-DBF2E2895033}"
EndProject
Project("{FAE04EC0-301F-11D3-BF4B-00C04F79EFBC}") = "WebApi", "Microservices\Auth\src\WebApi\WebApi.csproj", "{3FB6736B-98DA-4205-BCBD-DAA383B43D41}"
EndProject
Project("{FAE04EC0-301F-11D3-BF4B-00C04F79EFBC}") = "Application", "Microservices\Auth\src\Application\Application.csproj", "{8B966D03-7686-493C-BA11-EB1E5F387AD1}"
EndProject
Project("{FAE04EC0-301F-11D3-BF4B-00C04F79EFBC}") = "Domain", "Microservices\Auth\src\Domain\Domain.csproj", "{C9D4B2BD-74FE-4630-B246-D9D4693C8371}"
EndProject
Project("{FAE04EC0-301F-11D3-BF4B-00C04F79EFBC}") = "Infrastructure", "Microservices\Auth\src\Infrastructure\Infrastructure.csproj", "{7C0A66C9-8010-4E9A-8D48-F5D58D666595}"
EndProject
Project("{FAE04EC0-301F-11D3-BF4B-00C04F79EFBC}") = "Mobile.Bff", "ApiGateway\Mobile.Bff\Mobile.Bff.csproj", "{EED17BD9-1F0A-4CA0-AB4F-D0E3945B46A6}"
EndProject
Project("{FAE04EC0-301F-11D3-BF4B-00C04F79EFBC}") = "Web.Bff", "ApiGateway\Web.Bff\Web.Bff.csproj", "{98509F14-C055-4D56-AADD-8232931B1ADE}"
EndProject
Project("{FAE04EC0-301F-11D3-BF4B-00C04F79EFBC}") = "ToolBox", "ToolBox\ToolBox.csproj", "{B78D2A1C-1C6E-4CC7-A22B-A8CA4FC65CEB}"
EndProject
Project("{2150E333-8FDC-42A3-9474-1A3956D46DE8}") = "User", "User", "{513034BF-B5F8-4FE9-9A2A-3D01BF4B0D32}"
EndProject
Project("{FAE04EC0-301F-11D3-BF4B-00C04F79EFBC}") = "Application", "Microservices\User\src\Application\Application.csproj", "{97D2CADD-2C6F-45A9-B8FF-900DDE3A1697}"
EndProject
Project("{FAE04EC0-301F-11D3-BF4B-00C04F79EFBC}") = "Domain", "Microservices\User\src\Domain\Domain.csproj", "{096737BB-308B-492E-A094-023137CA5838}"
EndProject
Project("{FAE04EC0-301F-11D3-BF4B-00C04F79EFBC}") = "Infrastructure", "Microservices\User\src\Infrastructure\Infrastructure.csproj", "{0A052557-47E8-4EB6-876B-E1FB37872970}"
EndProject
Project("{FAE04EC0-301F-11D3-BF4B-00C04F79EFBC}") = "WebApi", "Microservices\User\src\WebApi\WebApi.csproj", "{57B7C21B-8422-4F1B-BD58-7C5BA0CA1A8A}"
EndProject
Project("{2150E333-8FDC-42A3-9474-1A3956D46DE8}") = "XamarinApp", "XamarinApp", "{0EF57A51-CCF1-4F67-B141-98DF15167426}"
EndProject
Project("{FAE04EC0-301F-11D3-BF4B-00C04F79EFBC}") = "XamarinApp", "Presentation\XamarinApp\XamarinApp\XamarinApp.csproj", "{906C0B88-6858-45E8-9611-E48AF43E7811}"
EndProject
Project("{FAE04EC0-301F-11D3-BF4B-00C04F79EFBC}") = "XamarinApp.Android", "Presentation\XamarinApp\XamarinApp.Android\XamarinApp.Android.csproj", "{E5D945D3-DCA2-43DE-A3E2-29BF2CDC1B61}"
EndProject
Project("{FAE04EC0-301F-11D3-BF4B-00C04F79EFBC}") = "XamarinApp.iOS", "Presentation\XamarinApp\XamarinApp.iOS\XamarinApp.iOS.csproj", "{21C9D976-E006-48D0-AB69-7D49A5557108}"
EndProject
Project("{2150E333-8FDC-42A3-9474-1A3956D46DE8}") = "Resource", "Resource", "{65BE4441-6933-445C-94DC-550BCC3B9026}"
EndProject
Project("{FAE04EC0-301F-11D3-BF4B-00C04F79EFBC}") = "Application", "Microservices\Resource\src\Application\Application.csproj", "{679FD924-794B-41FD-8F35-5F35DE87B75B}"
EndProject
Project("{FAE04EC0-301F-11D3-BF4B-00C04F79EFBC}") = "Domain", "Microservices\Resource\src\Domain\Domain.csproj", "{E62F14F7-9374-487F-8905-14B71C3B2AFD}"
EndProject
Project("{FAE04EC0-301F-11D3-BF4B-00C04F79EFBC}") = "Infrastructure", "Microservices\Resource\src\Infrastructure\Infrastructure.csproj", "{4158F1C2-F521-48ED-8941-846D3545AC26}"
EndProject
Project("{FAE04EC0-301F-11D3-BF4B-00C04F79EFBC}") = "WebApi", "Microservices\Resource\src\WebApi\WebApi.csproj", "{8DBDC2AB-E09C-4A7F-B5CF-C55C0505EB8E}"
EndProject
Project("{FAE04EC0-301F-11D3-BF4B-00C04F79EFBC}") = "BlazorSPA.Client", "Presentation\BlazorSPA\BlazorSPA\Client\BlazorSPA.Client.csproj", "{93303154-8DE1-4F4C-B87E-A6A4ED1EABF7}"
EndProject
Project("{FAE04EC0-301F-11D3-BF4B-00C04F79EFBC}") = "XamarinApp.Infrastructure", "Presentation\XamarinApp\XamarinApp.Infrastructure\XamarinApp.Infrastructure.csproj", "{DE73B3D2-3975-4553-BF15-AD7E13F06C43}"
EndProject
Project("{FAE04EC0-301F-11D3-BF4B-00C04F79EFBC}") = "XamarinApp.Domain", "Presentation\XamarinApp\XamarinApp.Domain\XamarinApp.Domain.csproj", "{D34F5416-95F6-4CDA-8868-80DAC569D05F}"
EndProject
Project("{FAE04EC0-301F-11D3-BF4B-00C04F79EFBC}") = "XamarinApp.Application", "Presentation\XamarinApp\XamarinApp.Application\XamarinApp.Application.csproj", "{A53E83AE-0438-4481-BB2E-ACA263E9775E}"
EndProject
Project("{2150E333-8FDC-42A3-9474-1A3956D46DE8}") = "SignalR", "SignalR", "{8B5BB128-723C-4DE7-8FD4-4E3CFC8EA304}"
EndProject
Project("{FAE04EC0-301F-11D3-BF4B-00C04F79EFBC}") = "WebApi", "Microservices\SignalR\src\WebApi\WebApi.csproj", "{7A80A8F0-0B8E-43F4-8A05-0F40EE3E4CE8}"
EndProject
Project("{FAE04EC0-301F-11D3-BF4B-00C04F79EFBC}") = "Infrastructure", "Microservices\SignalR\src\Infrastructure\Infrastructure.csproj", "{40084B0E-1942-4591-AA48-B8A50B7988A5}"
EndProject
Project("{FAE04EC0-301F-11D3-BF4B-00C04F79EFBC}") = "Application", "Microservices\SignalR\src\Application\Application.csproj", "{E5E3AED3-6F93-4E8A-B5C4-B46B8E2A8EB5}"
EndProject
Project("{FAE04EC0-301F-11D3-BF4B-00C04F79EFBC}") = "Domain", "Microservices\SignalR\src\Domain\Domain.csproj", "{17BF6E5A-EE25-4FE9-BBCF-9C90FBE32EFD}"
EndProject
Project("{2150E333-8FDC-42A3-9474-1A3956D46DE8}") = "Reservation", "Reservation", "{14C57485-6196-41E3-AEAD-81BE58B511C2}"
EndProject
Project("{FAE04EC0-301F-11D3-BF4B-00C04F79EFBC}") = "Application", "Microservices\Reservation\src\Application\Application.csproj", "{9373E22D-878D-47FD-84C4-067A654DD29D}"
EndProject
Project("{FAE04EC0-301F-11D3-BF4B-00C04F79EFBC}") = "Domain", "Microservices\Reservation\src\Domain\Domain.csproj", "{04605F47-8D2C-4F69-BB4E-0D5EB9149633}"
EndProject
Project("{FAE04EC0-301F-11D3-BF4B-00C04F79EFBC}") = "Infrastructure", "Microservices\Reservation\src\Infrastructure\Infrastructure.csproj", "{32D132A5-A3B8-4C8D-9303-1893CE1608BA}"
EndProject
Project("{FAE04EC0-301F-11D3-BF4B-00C04F79EFBC}") = "WebApi", "Microservices\Reservation\src\WebApi\WebApi.csproj", "{49D1AC27-87C3-472A-AD99-89AABB994AD1}"
EndProject
Global
	GlobalSection(SolutionConfigurationPlatforms) = preSolution
		Debug|Any CPU = Debug|Any CPU
		Release|Any CPU = Release|Any CPU
	EndGlobalSection
	GlobalSection(NestedProjects) = preSolution
		{58000631-5EC1-4779-B232-59B7FB7010D3} = {936AC740-FF2F-4648-902C-C755238B2B04}
		{C4B95827-1011-4785-A559-DBF2E2895033} = {969E7E78-BA44-4F69-8090-0D29AC10ED60}
		{EED17BD9-1F0A-4CA0-AB4F-D0E3945B46A6} = {3B3AC743-31CF-46E0-B6D6-BE88CC69C024}
		{98509F14-C055-4D56-AADD-8232931B1ADE} = {3B3AC743-31CF-46E0-B6D6-BE88CC69C024}
		{513034BF-B5F8-4FE9-9A2A-3D01BF4B0D32} = {969E7E78-BA44-4F69-8090-0D29AC10ED60}
		{0EF57A51-CCF1-4F67-B141-98DF15167426} = {936AC740-FF2F-4648-902C-C755238B2B04}
		{906C0B88-6858-45E8-9611-E48AF43E7811} = {0EF57A51-CCF1-4F67-B141-98DF15167426}
		{E5D945D3-DCA2-43DE-A3E2-29BF2CDC1B61} = {0EF57A51-CCF1-4F67-B141-98DF15167426}
		{21C9D976-E006-48D0-AB69-7D49A5557108} = {0EF57A51-CCF1-4F67-B141-98DF15167426}
		{65BE4441-6933-445C-94DC-550BCC3B9026} = {969E7E78-BA44-4F69-8090-0D29AC10ED60}
		{8B966D03-7686-493C-BA11-EB1E5F387AD1} = {C4B95827-1011-4785-A559-DBF2E2895033}
		{C9D4B2BD-74FE-4630-B246-D9D4693C8371} = {C4B95827-1011-4785-A559-DBF2E2895033}
		{7C0A66C9-8010-4E9A-8D48-F5D58D666595} = {C4B95827-1011-4785-A559-DBF2E2895033}
		{3FB6736B-98DA-4205-BCBD-DAA383B43D41} = {C4B95827-1011-4785-A559-DBF2E2895033}
		{97D2CADD-2C6F-45A9-B8FF-900DDE3A1697} = {513034BF-B5F8-4FE9-9A2A-3D01BF4B0D32}
		{096737BB-308B-492E-A094-023137CA5838} = {513034BF-B5F8-4FE9-9A2A-3D01BF4B0D32}
		{0A052557-47E8-4EB6-876B-E1FB37872970} = {513034BF-B5F8-4FE9-9A2A-3D01BF4B0D32}
		{57B7C21B-8422-4F1B-BD58-7C5BA0CA1A8A} = {513034BF-B5F8-4FE9-9A2A-3D01BF4B0D32}
		{679FD924-794B-41FD-8F35-5F35DE87B75B} = {65BE4441-6933-445C-94DC-550BCC3B9026}
		{E62F14F7-9374-487F-8905-14B71C3B2AFD} = {65BE4441-6933-445C-94DC-550BCC3B9026}
		{4158F1C2-F521-48ED-8941-846D3545AC26} = {65BE4441-6933-445C-94DC-550BCC3B9026}
		{8DBDC2AB-E09C-4A7F-B5CF-C55C0505EB8E} = {65BE4441-6933-445C-94DC-550BCC3B9026}
		{93303154-8DE1-4F4C-B87E-A6A4ED1EABF7} = {58000631-5EC1-4779-B232-59B7FB7010D3}
		{DE73B3D2-3975-4553-BF15-AD7E13F06C43} = {0EF57A51-CCF1-4F67-B141-98DF15167426}
		{D34F5416-95F6-4CDA-8868-80DAC569D05F} = {0EF57A51-CCF1-4F67-B141-98DF15167426}
		{A53E83AE-0438-4481-BB2E-ACA263E9775E} = {0EF57A51-CCF1-4F67-B141-98DF15167426}
		{8B5BB128-723C-4DE7-8FD4-4E3CFC8EA304} = {969E7E78-BA44-4F69-8090-0D29AC10ED60}
		{7A80A8F0-0B8E-43F4-8A05-0F40EE3E4CE8} = {8B5BB128-723C-4DE7-8FD4-4E3CFC8EA304}
		{40084B0E-1942-4591-AA48-B8A50B7988A5} = {8B5BB128-723C-4DE7-8FD4-4E3CFC8EA304}
		{E5E3AED3-6F93-4E8A-B5C4-B46B8E2A8EB5} = {8B5BB128-723C-4DE7-8FD4-4E3CFC8EA304}
		{17BF6E5A-EE25-4FE9-BBCF-9C90FBE32EFD} = {8B5BB128-723C-4DE7-8FD4-4E3CFC8EA304}
		{14C57485-6196-41E3-AEAD-81BE58B511C2} = {969E7E78-BA44-4F69-8090-0D29AC10ED60}
		{9373E22D-878D-47FD-84C4-067A654DD29D} = {14C57485-6196-41E3-AEAD-81BE58B511C2}
		{04605F47-8D2C-4F69-BB4E-0D5EB9149633} = {14C57485-6196-41E3-AEAD-81BE58B511C2}
		{32D132A5-A3B8-4C8D-9303-1893CE1608BA} = {14C57485-6196-41E3-AEAD-81BE58B511C2}
		{49D1AC27-87C3-472A-AD99-89AABB994AD1} = {14C57485-6196-41E3-AEAD-81BE58B511C2}
	EndGlobalSection
	GlobalSection(ProjectConfigurationPlatforms) = postSolution
		{3FB6736B-98DA-4205-BCBD-DAA383B43D41}.Debug|Any CPU.ActiveCfg = Debug|Any CPU
		{3FB6736B-98DA-4205-BCBD-DAA383B43D41}.Debug|Any CPU.Build.0 = Debug|Any CPU
		{3FB6736B-98DA-4205-BCBD-DAA383B43D41}.Release|Any CPU.ActiveCfg = Release|Any CPU
		{3FB6736B-98DA-4205-BCBD-DAA383B43D41}.Release|Any CPU.Build.0 = Release|Any CPU
		{8B966D03-7686-493C-BA11-EB1E5F387AD1}.Debug|Any CPU.ActiveCfg = Debug|Any CPU
		{8B966D03-7686-493C-BA11-EB1E5F387AD1}.Debug|Any CPU.Build.0 = Debug|Any CPU
		{8B966D03-7686-493C-BA11-EB1E5F387AD1}.Release|Any CPU.ActiveCfg = Release|Any CPU
		{8B966D03-7686-493C-BA11-EB1E5F387AD1}.Release|Any CPU.Build.0 = Release|Any CPU
		{C9D4B2BD-74FE-4630-B246-D9D4693C8371}.Debug|Any CPU.ActiveCfg = Debug|Any CPU
		{C9D4B2BD-74FE-4630-B246-D9D4693C8371}.Debug|Any CPU.Build.0 = Debug|Any CPU
		{C9D4B2BD-74FE-4630-B246-D9D4693C8371}.Release|Any CPU.ActiveCfg = Release|Any CPU
		{C9D4B2BD-74FE-4630-B246-D9D4693C8371}.Release|Any CPU.Build.0 = Release|Any CPU
		{7C0A66C9-8010-4E9A-8D48-F5D58D666595}.Debug|Any CPU.ActiveCfg = Debug|Any CPU
		{7C0A66C9-8010-4E9A-8D48-F5D58D666595}.Debug|Any CPU.Build.0 = Debug|Any CPU
		{7C0A66C9-8010-4E9A-8D48-F5D58D666595}.Release|Any CPU.ActiveCfg = Release|Any CPU
		{7C0A66C9-8010-4E9A-8D48-F5D58D666595}.Release|Any CPU.Build.0 = Release|Any CPU
		{EED17BD9-1F0A-4CA0-AB4F-D0E3945B46A6}.Debug|Any CPU.ActiveCfg = Debug|Any CPU
		{EED17BD9-1F0A-4CA0-AB4F-D0E3945B46A6}.Debug|Any CPU.Build.0 = Debug|Any CPU
		{EED17BD9-1F0A-4CA0-AB4F-D0E3945B46A6}.Release|Any CPU.ActiveCfg = Release|Any CPU
		{EED17BD9-1F0A-4CA0-AB4F-D0E3945B46A6}.Release|Any CPU.Build.0 = Release|Any CPU
		{98509F14-C055-4D56-AADD-8232931B1ADE}.Debug|Any CPU.ActiveCfg = Debug|Any CPU
		{98509F14-C055-4D56-AADD-8232931B1ADE}.Debug|Any CPU.Build.0 = Debug|Any CPU
		{98509F14-C055-4D56-AADD-8232931B1ADE}.Release|Any CPU.ActiveCfg = Release|Any CPU
		{98509F14-C055-4D56-AADD-8232931B1ADE}.Release|Any CPU.Build.0 = Release|Any CPU
		{B78D2A1C-1C6E-4CC7-A22B-A8CA4FC65CEB}.Debug|Any CPU.ActiveCfg = Debug|Any CPU
		{B78D2A1C-1C6E-4CC7-A22B-A8CA4FC65CEB}.Debug|Any CPU.Build.0 = Debug|Any CPU
		{B78D2A1C-1C6E-4CC7-A22B-A8CA4FC65CEB}.Release|Any CPU.ActiveCfg = Release|Any CPU
		{B78D2A1C-1C6E-4CC7-A22B-A8CA4FC65CEB}.Release|Any CPU.Build.0 = Release|Any CPU
		{97D2CADD-2C6F-45A9-B8FF-900DDE3A1697}.Debug|Any CPU.ActiveCfg = Debug|Any CPU
		{97D2CADD-2C6F-45A9-B8FF-900DDE3A1697}.Debug|Any CPU.Build.0 = Debug|Any CPU
		{97D2CADD-2C6F-45A9-B8FF-900DDE3A1697}.Release|Any CPU.ActiveCfg = Release|Any CPU
		{97D2CADD-2C6F-45A9-B8FF-900DDE3A1697}.Release|Any CPU.Build.0 = Release|Any CPU
		{096737BB-308B-492E-A094-023137CA5838}.Debug|Any CPU.ActiveCfg = Debug|Any CPU
		{096737BB-308B-492E-A094-023137CA5838}.Debug|Any CPU.Build.0 = Debug|Any CPU
		{096737BB-308B-492E-A094-023137CA5838}.Release|Any CPU.ActiveCfg = Release|Any CPU
		{096737BB-308B-492E-A094-023137CA5838}.Release|Any CPU.Build.0 = Release|Any CPU
		{0A052557-47E8-4EB6-876B-E1FB37872970}.Debug|Any CPU.ActiveCfg = Debug|Any CPU
		{0A052557-47E8-4EB6-876B-E1FB37872970}.Debug|Any CPU.Build.0 = Debug|Any CPU
		{0A052557-47E8-4EB6-876B-E1FB37872970}.Release|Any CPU.ActiveCfg = Release|Any CPU
		{0A052557-47E8-4EB6-876B-E1FB37872970}.Release|Any CPU.Build.0 = Release|Any CPU
		{57B7C21B-8422-4F1B-BD58-7C5BA0CA1A8A}.Debug|Any CPU.ActiveCfg = Debug|Any CPU
		{57B7C21B-8422-4F1B-BD58-7C5BA0CA1A8A}.Debug|Any CPU.Build.0 = Debug|Any CPU
		{57B7C21B-8422-4F1B-BD58-7C5BA0CA1A8A}.Release|Any CPU.ActiveCfg = Release|Any CPU
		{57B7C21B-8422-4F1B-BD58-7C5BA0CA1A8A}.Release|Any CPU.Build.0 = Release|Any CPU
		{906C0B88-6858-45E8-9611-E48AF43E7811}.Debug|Any CPU.ActiveCfg = Debug|Any CPU
		{906C0B88-6858-45E8-9611-E48AF43E7811}.Debug|Any CPU.Build.0 = Debug|Any CPU
		{906C0B88-6858-45E8-9611-E48AF43E7811}.Release|Any CPU.ActiveCfg = Release|Any CPU
		{906C0B88-6858-45E8-9611-E48AF43E7811}.Release|Any CPU.Build.0 = Release|Any CPU
		{E5D945D3-DCA2-43DE-A3E2-29BF2CDC1B61}.Debug|Any CPU.ActiveCfg = Debug|Any CPU
		{E5D945D3-DCA2-43DE-A3E2-29BF2CDC1B61}.Debug|Any CPU.Build.0 = Debug|Any CPU
		{E5D945D3-DCA2-43DE-A3E2-29BF2CDC1B61}.Release|Any CPU.ActiveCfg = Release|Any CPU
		{E5D945D3-DCA2-43DE-A3E2-29BF2CDC1B61}.Release|Any CPU.Build.0 = Release|Any CPU
		{21C9D976-E006-48D0-AB69-7D49A5557108}.Debug|Any CPU.ActiveCfg = Debug|iPhoneSimulator
		{21C9D976-E006-48D0-AB69-7D49A5557108}.Debug|Any CPU.Build.0 = Debug|iPhoneSimulator
		{21C9D976-E006-48D0-AB69-7D49A5557108}.Release|Any CPU.ActiveCfg = Release|iPhoneSimulator
		{21C9D976-E006-48D0-AB69-7D49A5557108}.Release|Any CPU.Build.0 = Release|iPhoneSimulator
		{679FD924-794B-41FD-8F35-5F35DE87B75B}.Debug|Any CPU.ActiveCfg = Debug|Any CPU
		{679FD924-794B-41FD-8F35-5F35DE87B75B}.Debug|Any CPU.Build.0 = Debug|Any CPU
		{679FD924-794B-41FD-8F35-5F35DE87B75B}.Release|Any CPU.ActiveCfg = Release|Any CPU
		{679FD924-794B-41FD-8F35-5F35DE87B75B}.Release|Any CPU.Build.0 = Release|Any CPU
		{E62F14F7-9374-487F-8905-14B71C3B2AFD}.Debug|Any CPU.ActiveCfg = Debug|Any CPU
		{E62F14F7-9374-487F-8905-14B71C3B2AFD}.Debug|Any CPU.Build.0 = Debug|Any CPU
		{E62F14F7-9374-487F-8905-14B71C3B2AFD}.Release|Any CPU.ActiveCfg = Release|Any CPU
		{E62F14F7-9374-487F-8905-14B71C3B2AFD}.Release|Any CPU.Build.0 = Release|Any CPU
		{4158F1C2-F521-48ED-8941-846D3545AC26}.Debug|Any CPU.ActiveCfg = Debug|Any CPU
		{4158F1C2-F521-48ED-8941-846D3545AC26}.Debug|Any CPU.Build.0 = Debug|Any CPU
		{4158F1C2-F521-48ED-8941-846D3545AC26}.Release|Any CPU.ActiveCfg = Release|Any CPU
		{4158F1C2-F521-48ED-8941-846D3545AC26}.Release|Any CPU.Build.0 = Release|Any CPU
		{8DBDC2AB-E09C-4A7F-B5CF-C55C0505EB8E}.Debug|Any CPU.ActiveCfg = Debug|Any CPU
		{8DBDC2AB-E09C-4A7F-B5CF-C55C0505EB8E}.Debug|Any CPU.Build.0 = Debug|Any CPU
		{8DBDC2AB-E09C-4A7F-B5CF-C55C0505EB8E}.Release|Any CPU.ActiveCfg = Release|Any CPU
		{8DBDC2AB-E09C-4A7F-B5CF-C55C0505EB8E}.Release|Any CPU.Build.0 = Release|Any CPU
		{93303154-8DE1-4F4C-B87E-A6A4ED1EABF7}.Debug|Any CPU.ActiveCfg = Debug|Any CPU
		{93303154-8DE1-4F4C-B87E-A6A4ED1EABF7}.Debug|Any CPU.Build.0 = Debug|Any CPU
		{93303154-8DE1-4F4C-B87E-A6A4ED1EABF7}.Release|Any CPU.ActiveCfg = Release|Any CPU
		{93303154-8DE1-4F4C-B87E-A6A4ED1EABF7}.Release|Any CPU.Build.0 = Release|Any CPU
		{DE73B3D2-3975-4553-BF15-AD7E13F06C43}.Debug|Any CPU.ActiveCfg = Debug|Any CPU
		{DE73B3D2-3975-4553-BF15-AD7E13F06C43}.Debug|Any CPU.Build.0 = Debug|Any CPU
		{DE73B3D2-3975-4553-BF15-AD7E13F06C43}.Release|Any CPU.ActiveCfg = Release|Any CPU
		{DE73B3D2-3975-4553-BF15-AD7E13F06C43}.Release|Any CPU.Build.0 = Release|Any CPU
		{D34F5416-95F6-4CDA-8868-80DAC569D05F}.Debug|Any CPU.ActiveCfg = Debug|Any CPU
		{D34F5416-95F6-4CDA-8868-80DAC569D05F}.Debug|Any CPU.Build.0 = Debug|Any CPU
		{D34F5416-95F6-4CDA-8868-80DAC569D05F}.Release|Any CPU.ActiveCfg = Release|Any CPU
		{D34F5416-95F6-4CDA-8868-80DAC569D05F}.Release|Any CPU.Build.0 = Release|Any CPU
		{A53E83AE-0438-4481-BB2E-ACA263E9775E}.Debug|Any CPU.ActiveCfg = Debug|Any CPU
		{A53E83AE-0438-4481-BB2E-ACA263E9775E}.Debug|Any CPU.Build.0 = Debug|Any CPU
		{A53E83AE-0438-4481-BB2E-ACA263E9775E}.Release|Any CPU.ActiveCfg = Release|Any CPU
		{A53E83AE-0438-4481-BB2E-ACA263E9775E}.Release|Any CPU.Build.0 = Release|Any CPU
		{7A80A8F0-0B8E-43F4-8A05-0F40EE3E4CE8}.Debug|Any CPU.ActiveCfg = Debug|Any CPU
		{7A80A8F0-0B8E-43F4-8A05-0F40EE3E4CE8}.Debug|Any CPU.Build.0 = Debug|Any CPU
		{7A80A8F0-0B8E-43F4-8A05-0F40EE3E4CE8}.Release|Any CPU.ActiveCfg = Release|Any CPU
		{7A80A8F0-0B8E-43F4-8A05-0F40EE3E4CE8}.Release|Any CPU.Build.0 = Release|Any CPU
		{40084B0E-1942-4591-AA48-B8A50B7988A5}.Debug|Any CPU.ActiveCfg = Debug|Any CPU
		{40084B0E-1942-4591-AA48-B8A50B7988A5}.Debug|Any CPU.Build.0 = Debug|Any CPU
		{40084B0E-1942-4591-AA48-B8A50B7988A5}.Release|Any CPU.ActiveCfg = Release|Any CPU
		{40084B0E-1942-4591-AA48-B8A50B7988A5}.Release|Any CPU.Build.0 = Release|Any CPU
		{E5E3AED3-6F93-4E8A-B5C4-B46B8E2A8EB5}.Debug|Any CPU.ActiveCfg = Debug|Any CPU
		{E5E3AED3-6F93-4E8A-B5C4-B46B8E2A8EB5}.Debug|Any CPU.Build.0 = Debug|Any CPU
		{E5E3AED3-6F93-4E8A-B5C4-B46B8E2A8EB5}.Release|Any CPU.ActiveCfg = Release|Any CPU
		{E5E3AED3-6F93-4E8A-B5C4-B46B8E2A8EB5}.Release|Any CPU.Build.0 = Release|Any CPU
		{17BF6E5A-EE25-4FE9-BBCF-9C90FBE32EFD}.Debug|Any CPU.ActiveCfg = Debug|Any CPU
		{17BF6E5A-EE25-4FE9-BBCF-9C90FBE32EFD}.Debug|Any CPU.Build.0 = Debug|Any CPU
		{17BF6E5A-EE25-4FE9-BBCF-9C90FBE32EFD}.Release|Any CPU.ActiveCfg = Release|Any CPU
		{17BF6E5A-EE25-4FE9-BBCF-9C90FBE32EFD}.Release|Any CPU.Build.0 = Release|Any CPU
		{9373E22D-878D-47FD-84C4-067A654DD29D}.Debug|Any CPU.ActiveCfg = Debug|Any CPU
		{9373E22D-878D-47FD-84C4-067A654DD29D}.Debug|Any CPU.Build.0 = Debug|Any CPU
		{9373E22D-878D-47FD-84C4-067A654DD29D}.Release|Any CPU.ActiveCfg = Release|Any CPU
		{9373E22D-878D-47FD-84C4-067A654DD29D}.Release|Any CPU.Build.0 = Release|Any CPU
		{04605F47-8D2C-4F69-BB4E-0D5EB9149633}.Debug|Any CPU.ActiveCfg = Debug|Any CPU
		{04605F47-8D2C-4F69-BB4E-0D5EB9149633}.Debug|Any CPU.Build.0 = Debug|Any CPU
		{04605F47-8D2C-4F69-BB4E-0D5EB9149633}.Release|Any CPU.ActiveCfg = Release|Any CPU
		{04605F47-8D2C-4F69-BB4E-0D5EB9149633}.Release|Any CPU.Build.0 = Release|Any CPU
		{32D132A5-A3B8-4C8D-9303-1893CE1608BA}.Debug|Any CPU.ActiveCfg = Debug|Any CPU
		{32D132A5-A3B8-4C8D-9303-1893CE1608BA}.Debug|Any CPU.Build.0 = Debug|Any CPU
		{32D132A5-A3B8-4C8D-9303-1893CE1608BA}.Release|Any CPU.ActiveCfg = Release|Any CPU
		{32D132A5-A3B8-4C8D-9303-1893CE1608BA}.Release|Any CPU.Build.0 = Release|Any CPU
		{49D1AC27-87C3-472A-AD99-89AABB994AD1}.Debug|Any CPU.ActiveCfg = Debug|Any CPU
		{49D1AC27-87C3-472A-AD99-89AABB994AD1}.Debug|Any CPU.Build.0 = Debug|Any CPU
		{49D1AC27-87C3-472A-AD99-89AABB994AD1}.Release|Any CPU.ActiveCfg = Release|Any CPU
		{49D1AC27-87C3-472A-AD99-89AABB994AD1}.Release|Any CPU.Build.0 = Release|Any CPU
	EndGlobalSection
EndGlobal
