
Microsoft Visual Studio Solution File, Format Version 12.00
Project("{2150E333-8FDC-42A3-9474-1A3956D46DE8}") = "Domain", "Domain", "{8D326184-BACA-432B-B912-26CA64AE5EA5}"
EndProject
Project("{2150E333-8FDC-42A3-9474-1A3956D46DE8}") = "Infrastructure", "Infrastructure", "{B365D1E5-267A-4596-9F81-A65DD58399B4}"
EndProject
Project("{2150E333-8FDC-42A3-9474-1A3956D46DE8}") = "Microservices", "Microservices", "{969E7E78-BA44-4F69-8090-0D29AC10ED60}"
EndProject
Project("{2150E333-8FDC-42A3-9474-1A3956D46DE8}") = "Presentation", "Presentation", "{936AC740-FF2F-4648-902C-C755238B2B04}"
EndProject
Project("{2150E333-8FDC-42A3-9474-1A3956D46DE8}") = "ApiGateway", "ApiGateway", "{3B3AC743-31CF-46E0-B6D6-BE88CC69C024}"
EndProject
Project("{FAE04EC0-301F-11D3-BF4B-00C04F79EFBC}") = "Mobile.Bff", "Infrastructure\ApiGateway\Mobile.Bff\Mobile.Bff.csproj", "{27EC9404-25BF-43FC-AB14-CFC45E34FB70}"
EndProject
Project("{FAE04EC0-301F-11D3-BF4B-00C04F79EFBC}") = "Web.Bff", "Infrastructure\ApiGateway\Web.Bff\Web.Bff.csproj", "{A5EBDB5D-414C-4CAC-9361-27D5529E60FC}"
EndProject
Project("{2150E333-8FDC-42A3-9474-1A3956D46DE8}") = "BlazorSPA", "BlazorSPA", "{58000631-5EC1-4779-B232-59B7FB7010D3}"
EndProject
Project("{FAE04EC0-301F-11D3-BF4B-00C04F79EFBC}") = "BlazorSPA.Client", "Presentation\BlazorSPA\Client\BlazorSPA.Client.csproj", "{7EE75823-94E2-4154-9B6D-12374496243C}"
EndProject
Project("{FAE04EC0-301F-11D3-BF4B-00C04F79EFBC}") = "BlazorSPA.Server", "Presentation\BlazorSPA\Server\BlazorSPA.Server.csproj", "{682C30F1-BF90-4B2F-8F23-0782D7A9AD45}"
EndProject
Project("{FAE04EC0-301F-11D3-BF4B-00C04F79EFBC}") = "BlazorSPA.Shared", "Presentation\BlazorSPA\Shared\BlazorSPA.Shared.csproj", "{4F8DB6BD-B393-4C06-BA14-9752ECE914BB}"
EndProject
Project("{2150E333-8FDC-42A3-9474-1A3956D46DE8}") = "Resource", "Resource", "{B86C3036-1928-4E0F-8DD5-1B653B7EF3A0}"
EndProject
Project("{FAE04EC0-301F-11D3-BF4B-00C04F79EFBC}") = "Resource.Data", "Microservices\Reservation\Resource.Data\Resource.Data.csproj", "{2EB97679-563C-4881-8E14-50F0E50ADCD6}"
EndProject
Project("{FAE04EC0-301F-11D3-BF4B-00C04F79EFBC}") = "Resource.Application", "Microservices\Reservation\Resource.Application\Resource.Application.csproj", "{C37E6E7A-684F-4932-83CF-F503DC6C60DE}"
EndProject
Project("{FAE04EC0-301F-11D3-BF4B-00C04F79EFBC}") = "Resource.Domain", "Microservices\Reservation\Resource.Domain\Resource.Domain.csproj", "{FB35E673-0EFF-4B97-9284-0AAED3AB1EF7}"
EndProject
Project("{2150E333-8FDC-42A3-9474-1A3956D46DE8}") = "XamarinApp", "XamarinApp", "{761BE846-E6D2-4735-8BF1-CE1B20568A57}"
EndProject
Project("{FAE04EC0-301F-11D3-BF4B-00C04F79EFBC}") = "XamarinApp", "Presentation\XamarinApp\XamarinApp\XamarinApp.csproj", "{F9148E33-DA8A-423E-826F-9A0C9BCC38FB}"
EndProject
Project("{FAE04EC0-301F-11D3-BF4B-00C04F79EFBC}") = "XamarinApp.Android", "Presentation\XamarinApp\XamarinApp.Android\XamarinApp.Android.csproj", "{741A80E2-5120-4EE5-A109-D727E8EA2891}"
EndProject
Project("{FAE04EC0-301F-11D3-BF4B-00C04F79EFBC}") = "XamarinApp.iOS", "Presentation\XamarinApp\XamarinApp.iOS\XamarinApp.iOS.csproj", "{5EC6B026-1AE0-4AF8-97AE-FA09416861AC}"
EndProject
Project("{FAE04EC0-301F-11D3-BF4B-00C04F79EFBC}") = "Resource.Api", "Microservices\Reservation\Resource.Api\Resource.Api.csproj", "{C5BF086A-2356-4176-9A29-0AEBF8AC65F0}"
EndProject
Project("{FAE04EC0-301F-11D3-BF4B-00C04F79EFBC}") = "ToolBox", "Domain\ToolBox\ToolBox.csproj", "{2E50A52E-ACCF-4F7A-92B6-01D0877BEFB1}"
EndProject
Global
	GlobalSection(SolutionConfigurationPlatforms) = preSolution
		Debug|Any CPU = Debug|Any CPU
		Release|Any CPU = Release|Any CPU
	EndGlobalSection
	GlobalSection(NestedProjects) = preSolution
		{3B3AC743-31CF-46E0-B6D6-BE88CC69C024} = {B365D1E5-267A-4596-9F81-A65DD58399B4}
		{27EC9404-25BF-43FC-AB14-CFC45E34FB70} = {3B3AC743-31CF-46E0-B6D6-BE88CC69C024}
		{A5EBDB5D-414C-4CAC-9361-27D5529E60FC} = {3B3AC743-31CF-46E0-B6D6-BE88CC69C024}
		{58000631-5EC1-4779-B232-59B7FB7010D3} = {936AC740-FF2F-4648-902C-C755238B2B04}
		{7EE75823-94E2-4154-9B6D-12374496243C} = {58000631-5EC1-4779-B232-59B7FB7010D3}
		{682C30F1-BF90-4B2F-8F23-0782D7A9AD45} = {58000631-5EC1-4779-B232-59B7FB7010D3}
		{4F8DB6BD-B393-4C06-BA14-9752ECE914BB} = {58000631-5EC1-4779-B232-59B7FB7010D3}
		{B86C3036-1928-4E0F-8DD5-1B653B7EF3A0} = {969E7E78-BA44-4F69-8090-0D29AC10ED60}
		{2EB97679-563C-4881-8E14-50F0E50ADCD6} = {B86C3036-1928-4E0F-8DD5-1B653B7EF3A0}
		{C37E6E7A-684F-4932-83CF-F503DC6C60DE} = {B86C3036-1928-4E0F-8DD5-1B653B7EF3A0}
		{FB35E673-0EFF-4B97-9284-0AAED3AB1EF7} = {B86C3036-1928-4E0F-8DD5-1B653B7EF3A0}
		{761BE846-E6D2-4735-8BF1-CE1B20568A57} = {936AC740-FF2F-4648-902C-C755238B2B04}
		{F9148E33-DA8A-423E-826F-9A0C9BCC38FB} = {761BE846-E6D2-4735-8BF1-CE1B20568A57}
		{741A80E2-5120-4EE5-A109-D727E8EA2891} = {761BE846-E6D2-4735-8BF1-CE1B20568A57}
		{5EC6B026-1AE0-4AF8-97AE-FA09416861AC} = {761BE846-E6D2-4735-8BF1-CE1B20568A57}
		{C5BF086A-2356-4176-9A29-0AEBF8AC65F0} = {B86C3036-1928-4E0F-8DD5-1B653B7EF3A0}
		{2E50A52E-ACCF-4F7A-92B6-01D0877BEFB1} = {8D326184-BACA-432B-B912-26CA64AE5EA5}
	EndGlobalSection
	GlobalSection(ProjectConfigurationPlatforms) = postSolution
		{27EC9404-25BF-43FC-AB14-CFC45E34FB70}.Debug|Any CPU.ActiveCfg = Debug|Any CPU
		{27EC9404-25BF-43FC-AB14-CFC45E34FB70}.Debug|Any CPU.Build.0 = Debug|Any CPU
		{27EC9404-25BF-43FC-AB14-CFC45E34FB70}.Release|Any CPU.ActiveCfg = Release|Any CPU
		{27EC9404-25BF-43FC-AB14-CFC45E34FB70}.Release|Any CPU.Build.0 = Release|Any CPU
		{A5EBDB5D-414C-4CAC-9361-27D5529E60FC}.Debug|Any CPU.ActiveCfg = Debug|Any CPU
		{A5EBDB5D-414C-4CAC-9361-27D5529E60FC}.Debug|Any CPU.Build.0 = Debug|Any CPU
		{A5EBDB5D-414C-4CAC-9361-27D5529E60FC}.Release|Any CPU.ActiveCfg = Release|Any CPU
		{A5EBDB5D-414C-4CAC-9361-27D5529E60FC}.Release|Any CPU.Build.0 = Release|Any CPU
		{7EE75823-94E2-4154-9B6D-12374496243C}.Debug|Any CPU.ActiveCfg = Debug|Any CPU
		{7EE75823-94E2-4154-9B6D-12374496243C}.Debug|Any CPU.Build.0 = Debug|Any CPU
		{7EE75823-94E2-4154-9B6D-12374496243C}.Release|Any CPU.ActiveCfg = Release|Any CPU
		{7EE75823-94E2-4154-9B6D-12374496243C}.Release|Any CPU.Build.0 = Release|Any CPU
		{682C30F1-BF90-4B2F-8F23-0782D7A9AD45}.Debug|Any CPU.ActiveCfg = Debug|Any CPU
		{682C30F1-BF90-4B2F-8F23-0782D7A9AD45}.Debug|Any CPU.Build.0 = Debug|Any CPU
		{682C30F1-BF90-4B2F-8F23-0782D7A9AD45}.Release|Any CPU.ActiveCfg = Release|Any CPU
		{682C30F1-BF90-4B2F-8F23-0782D7A9AD45}.Release|Any CPU.Build.0 = Release|Any CPU
		{4F8DB6BD-B393-4C06-BA14-9752ECE914BB}.Debug|Any CPU.ActiveCfg = Debug|Any CPU
		{4F8DB6BD-B393-4C06-BA14-9752ECE914BB}.Debug|Any CPU.Build.0 = Debug|Any CPU
		{4F8DB6BD-B393-4C06-BA14-9752ECE914BB}.Release|Any CPU.ActiveCfg = Release|Any CPU
		{4F8DB6BD-B393-4C06-BA14-9752ECE914BB}.Release|Any CPU.Build.0 = Release|Any CPU
		{2EB97679-563C-4881-8E14-50F0E50ADCD6}.Debug|Any CPU.ActiveCfg = Debug|Any CPU
		{2EB97679-563C-4881-8E14-50F0E50ADCD6}.Debug|Any CPU.Build.0 = Debug|Any CPU
		{2EB97679-563C-4881-8E14-50F0E50ADCD6}.Release|Any CPU.ActiveCfg = Release|Any CPU
		{2EB97679-563C-4881-8E14-50F0E50ADCD6}.Release|Any CPU.Build.0 = Release|Any CPU
		{C37E6E7A-684F-4932-83CF-F503DC6C60DE}.Debug|Any CPU.ActiveCfg = Debug|Any CPU
		{C37E6E7A-684F-4932-83CF-F503DC6C60DE}.Debug|Any CPU.Build.0 = Debug|Any CPU
		{C37E6E7A-684F-4932-83CF-F503DC6C60DE}.Release|Any CPU.ActiveCfg = Release|Any CPU
		{C37E6E7A-684F-4932-83CF-F503DC6C60DE}.Release|Any CPU.Build.0 = Release|Any CPU
		{FB35E673-0EFF-4B97-9284-0AAED3AB1EF7}.Debug|Any CPU.ActiveCfg = Debug|Any CPU
		{FB35E673-0EFF-4B97-9284-0AAED3AB1EF7}.Debug|Any CPU.Build.0 = Debug|Any CPU
		{FB35E673-0EFF-4B97-9284-0AAED3AB1EF7}.Release|Any CPU.ActiveCfg = Release|Any CPU
		{FB35E673-0EFF-4B97-9284-0AAED3AB1EF7}.Release|Any CPU.Build.0 = Release|Any CPU
		{F9148E33-DA8A-423E-826F-9A0C9BCC38FB}.Debug|Any CPU.ActiveCfg = Debug|Any CPU
		{F9148E33-DA8A-423E-826F-9A0C9BCC38FB}.Debug|Any CPU.Build.0 = Debug|Any CPU
		{F9148E33-DA8A-423E-826F-9A0C9BCC38FB}.Release|Any CPU.ActiveCfg = Release|Any CPU
		{F9148E33-DA8A-423E-826F-9A0C9BCC38FB}.Release|Any CPU.Build.0 = Release|Any CPU
		{741A80E2-5120-4EE5-A109-D727E8EA2891}.Debug|Any CPU.ActiveCfg = Debug|Any CPU
		{741A80E2-5120-4EE5-A109-D727E8EA2891}.Debug|Any CPU.Build.0 = Debug|Any CPU
		{741A80E2-5120-4EE5-A109-D727E8EA2891}.Release|Any CPU.ActiveCfg = Release|Any CPU
		{741A80E2-5120-4EE5-A109-D727E8EA2891}.Release|Any CPU.Build.0 = Release|Any CPU
		{5EC6B026-1AE0-4AF8-97AE-FA09416861AC}.Debug|Any CPU.ActiveCfg = Debug|iPhoneSimulator
		{5EC6B026-1AE0-4AF8-97AE-FA09416861AC}.Debug|Any CPU.Build.0 = Debug|iPhoneSimulator
		{5EC6B026-1AE0-4AF8-97AE-FA09416861AC}.Release|Any CPU.ActiveCfg = Release|iPhoneSimulator
		{5EC6B026-1AE0-4AF8-97AE-FA09416861AC}.Release|Any CPU.Build.0 = Release|iPhoneSimulator
		{C5BF086A-2356-4176-9A29-0AEBF8AC65F0}.Debug|Any CPU.ActiveCfg = Debug|Any CPU
		{C5BF086A-2356-4176-9A29-0AEBF8AC65F0}.Debug|Any CPU.Build.0 = Debug|Any CPU
		{C5BF086A-2356-4176-9A29-0AEBF8AC65F0}.Release|Any CPU.ActiveCfg = Release|Any CPU
		{C5BF086A-2356-4176-9A29-0AEBF8AC65F0}.Release|Any CPU.Build.0 = Release|Any CPU
		{2E50A52E-ACCF-4F7A-92B6-01D0877BEFB1}.Debug|Any CPU.ActiveCfg = Debug|Any CPU
		{2E50A52E-ACCF-4F7A-92B6-01D0877BEFB1}.Debug|Any CPU.Build.0 = Debug|Any CPU
		{2E50A52E-ACCF-4F7A-92B6-01D0877BEFB1}.Release|Any CPU.ActiveCfg = Release|Any CPU
		{2E50A52E-ACCF-4F7A-92B6-01D0877BEFB1}.Release|Any CPU.Build.0 = Release|Any CPU
	EndGlobalSection
EndGlobal
