
Microsoft Visual Studio Solution File, Format Version 12.00
Project("{2150E333-8FDC-42A3-9474-1A3956D46DE8}") = "Microservices", "Microservices", "{969E7E78-BA44-4F69-8090-0D29AC10ED60}"
EndProject
Project("{2150E333-8FDC-42A3-9474-1A3956D46DE8}") = "Presentation", "Presentation", "{936AC740-FF2F-4648-902C-C755238B2B04}"
EndProject
Project("{2150E333-8FDC-42A3-9474-1A3956D46DE8}") = "ApiGateway", "ApiGateway", "{3B3AC743-31CF-46E0-B6D6-BE88CC69C024}"
EndProject
Project("{2150E333-8FDC-42A3-9474-1A3956D46DE8}") = "BlazorSPA", "BlazorSPA", "{58000631-5EC1-4779-B232-59B7FB7010D3}"
EndProject
Project("{FAE04EC0-301F-11D3-BF4B-00C04F79EFBC}") = "BlazorSPA.Client", "Presentation\BlazorSPA\Client\BlazorSPA.Client.csproj", "{7EE75823-94E2-4154-9B6D-12374496243C}"
EndProject
Project("{FAE04EC0-301F-11D3-BF4B-00C04F79EFBC}") = "BlazorSPA.Server", "Presentation\BlazorSPA\Server\BlazorSPA.Server.csproj", "{682C30F1-BF90-4B2F-8F23-0782D7A9AD45}"
EndProject
Project("{FAE04EC0-301F-11D3-BF4B-00C04F79EFBC}") = "BlazorSPA.Shared", "Presentation\BlazorSPA\Shared\BlazorSPA.Shared.csproj", "{4F8DB6BD-B393-4C06-BA14-9752ECE914BB}"
EndProject
Project("{2150E333-8FDC-42A3-9474-1A3956D46DE8}") = "Resource", "Resource", "{EA6A73AC-003C-4CB2-8EBB-43FFAF48C1AF}"
EndProject
Project("{FAE04EC0-301F-11D3-BF4B-00C04F79EFBC}") = "Application", "Microservices\Resource\src\Application\Application.csproj", "{3AF69D26-2975-483E-A390-CE66C8EEEA53}"
EndProject
Project("{FAE04EC0-301F-11D3-BF4B-00C04F79EFBC}") = "Domain", "Microservices\Resource\src\Domain\Domain.csproj", "{6C8EF18A-2BF9-438C-B3D7-171DA427C8FC}"
EndProject
Project("{FAE04EC0-301F-11D3-BF4B-00C04F79EFBC}") = "Infrastructure", "Microservices\Resource\src\Infrastructure\Infrastructure.csproj", "{C5CBCFFE-6FED-4997-8472-DB032C4FDF46}"
EndProject
Project("{FAE04EC0-301F-11D3-BF4B-00C04F79EFBC}") = "Application.UnitTests", "Microservices\Resource\tests\Application.UnitTests\Application.UnitTests.csproj", "{A27FD99E-5E1D-45D2-AB03-7889D0DCF67C}"
EndProject
Project("{FAE04EC0-301F-11D3-BF4B-00C04F79EFBC}") = "WebApi", "Microservices\Resource\src\WebApi\WebApi.csproj", "{84171ABD-6469-40C2-8A61-DEB3496FAD67}"
EndProject
Project("{2150E333-8FDC-42A3-9474-1A3956D46DE8}") = "src", "src", "{391ECDA0-735D-44E3-A551-9DC7B7D3581F}"
EndProject
Project("{2150E333-8FDC-42A3-9474-1A3956D46DE8}") = "tests", "tests", "{77954B5B-8EA2-4894-9258-A16A1185F749}"
EndProject
Project("{2150E333-8FDC-42A3-9474-1A3956D46DE8}") = "Auth", "Auth", "{C4B95827-1011-4785-A559-DBF2E2895033}"
EndProject
Project("{2150E333-8FDC-42A3-9474-1A3956D46DE8}") = "src", "src", "{57E25FA0-A46B-4125-8CC5-1B7535BBF7D5}"
EndProject
Project("{FAE04EC0-301F-11D3-BF4B-00C04F79EFBC}") = "WebApi", "Microservices\Auth\src\WebApi\WebApi.csproj", "{3FB6736B-98DA-4205-BCBD-DAA383B43D41}"
EndProject
Project("{FAE04EC0-301F-11D3-BF4B-00C04F79EFBC}") = "Application", "Microservices\Auth\src\Application\Application.csproj", "{8B966D03-7686-493C-BA11-EB1E5F387AD1}"
EndProject
Project("{FAE04EC0-301F-11D3-BF4B-00C04F79EFBC}") = "Domain", "Microservices\Auth\src\Domain\Domain.csproj", "{C9D4B2BD-74FE-4630-B246-D9D4693C8371}"
EndProject
Project("{FAE04EC0-301F-11D3-BF4B-00C04F79EFBC}") = "Infrastructure", "Microservices\Auth\src\Infrastructure\Infrastructure.csproj", "{7C0A66C9-8010-4E9A-8D48-F5D58D666595}"
EndProject
Project("{FAE04EC0-301F-11D3-BF4B-00C04F79EFBC}") = "Mobile.Bff", "ApiGateway\Mobile.Bff\Mobile.Bff.csproj", "{EED17BD9-1F0A-4CA0-AB4F-D0E3945B46A6}"
EndProject
Project("{FAE04EC0-301F-11D3-BF4B-00C04F79EFBC}") = "Web.Bff", "ApiGateway\Web.Bff\Web.Bff.csproj", "{98509F14-C055-4D56-AADD-8232931B1ADE}"
EndProject
Project("{FAE04EC0-301F-11D3-BF4B-00C04F79EFBC}") = "ToolBox", "ToolBox\ToolBox.csproj", "{B78D2A1C-1C6E-4CC7-A22B-A8CA4FC65CEB}"
EndProject
Project("{2150E333-8FDC-42A3-9474-1A3956D46DE8}") = "User", "User", "{513034BF-B5F8-4FE9-9A2A-3D01BF4B0D32}"
EndProject
Project("{FAE04EC0-301F-11D3-BF4B-00C04F79EFBC}") = "Application", "Microservices\User\src\Application\Application.csproj", "{97D2CADD-2C6F-45A9-B8FF-900DDE3A1697}"
EndProject
Project("{FAE04EC0-301F-11D3-BF4B-00C04F79EFBC}") = "Domain", "Microservices\User\src\Domain\Domain.csproj", "{096737BB-308B-492E-A094-023137CA5838}"
EndProject
Project("{FAE04EC0-301F-11D3-BF4B-00C04F79EFBC}") = "Infrastructure", "Microservices\User\src\Infrastructure\Infrastructure.csproj", "{0A052557-47E8-4EB6-876B-E1FB37872970}"
EndProject
Project("{2150E333-8FDC-42A3-9474-1A3956D46DE8}") = "src", "src", "{FCE568FF-AB10-4278-AAC0-A5AF6A111E3E}"
EndProject
Project("{FAE04EC0-301F-11D3-BF4B-00C04F79EFBC}") = "WebApi", "Microservices\User\src\WebApi\WebApi.csproj", "{57B7C21B-8422-4F1B-BD58-7C5BA0CA1A8A}"
EndProject
Global
	GlobalSection(SolutionConfigurationPlatforms) = preSolution
		Debug|Any CPU = Debug|Any CPU
		Release|Any CPU = Release|Any CPU
	EndGlobalSection
	GlobalSection(NestedProjects) = preSolution
		{58000631-5EC1-4779-B232-59B7FB7010D3} = {936AC740-FF2F-4648-902C-C755238B2B04}
		{7EE75823-94E2-4154-9B6D-12374496243C} = {58000631-5EC1-4779-B232-59B7FB7010D3}
		{682C30F1-BF90-4B2F-8F23-0782D7A9AD45} = {58000631-5EC1-4779-B232-59B7FB7010D3}
		{4F8DB6BD-B393-4C06-BA14-9752ECE914BB} = {58000631-5EC1-4779-B232-59B7FB7010D3}
		{EA6A73AC-003C-4CB2-8EBB-43FFAF48C1AF} = {969E7E78-BA44-4F69-8090-0D29AC10ED60}
		{391ECDA0-735D-44E3-A551-9DC7B7D3581F} = {EA6A73AC-003C-4CB2-8EBB-43FFAF48C1AF}
		{77954B5B-8EA2-4894-9258-A16A1185F749} = {EA6A73AC-003C-4CB2-8EBB-43FFAF48C1AF}
		{6C8EF18A-2BF9-438C-B3D7-171DA427C8FC} = {391ECDA0-735D-44E3-A551-9DC7B7D3581F}
		{C5CBCFFE-6FED-4997-8472-DB032C4FDF46} = {391ECDA0-735D-44E3-A551-9DC7B7D3581F}
		{84171ABD-6469-40C2-8A61-DEB3496FAD67} = {391ECDA0-735D-44E3-A551-9DC7B7D3581F}
		{A27FD99E-5E1D-45D2-AB03-7889D0DCF67C} = {77954B5B-8EA2-4894-9258-A16A1185F749}
		{3AF69D26-2975-483E-A390-CE66C8EEEA53} = {391ECDA0-735D-44E3-A551-9DC7B7D3581F}
		{C4B95827-1011-4785-A559-DBF2E2895033} = {969E7E78-BA44-4F69-8090-0D29AC10ED60}
		{57E25FA0-A46B-4125-8CC5-1B7535BBF7D5} = {C4B95827-1011-4785-A559-DBF2E2895033}
		{3FB6736B-98DA-4205-BCBD-DAA383B43D41} = {57E25FA0-A46B-4125-8CC5-1B7535BBF7D5}
		{8B966D03-7686-493C-BA11-EB1E5F387AD1} = {57E25FA0-A46B-4125-8CC5-1B7535BBF7D5}
		{C9D4B2BD-74FE-4630-B246-D9D4693C8371} = {57E25FA0-A46B-4125-8CC5-1B7535BBF7D5}
		{7C0A66C9-8010-4E9A-8D48-F5D58D666595} = {57E25FA0-A46B-4125-8CC5-1B7535BBF7D5}
		{EED17BD9-1F0A-4CA0-AB4F-D0E3945B46A6} = {3B3AC743-31CF-46E0-B6D6-BE88CC69C024}
		{98509F14-C055-4D56-AADD-8232931B1ADE} = {3B3AC743-31CF-46E0-B6D6-BE88CC69C024}
		{513034BF-B5F8-4FE9-9A2A-3D01BF4B0D32} = {969E7E78-BA44-4F69-8090-0D29AC10ED60}
		{FCE568FF-AB10-4278-AAC0-A5AF6A111E3E} = {513034BF-B5F8-4FE9-9A2A-3D01BF4B0D32}
		{97D2CADD-2C6F-45A9-B8FF-900DDE3A1697} = {FCE568FF-AB10-4278-AAC0-A5AF6A111E3E}
		{096737BB-308B-492E-A094-023137CA5838} = {FCE568FF-AB10-4278-AAC0-A5AF6A111E3E}
		{0A052557-47E8-4EB6-876B-E1FB37872970} = {FCE568FF-AB10-4278-AAC0-A5AF6A111E3E}
		{57B7C21B-8422-4F1B-BD58-7C5BA0CA1A8A} = {FCE568FF-AB10-4278-AAC0-A5AF6A111E3E}
	EndGlobalSection
	GlobalSection(ProjectConfigurationPlatforms) = postSolution
		{7EE75823-94E2-4154-9B6D-12374496243C}.Debug|Any CPU.ActiveCfg = Debug|Any CPU
		{7EE75823-94E2-4154-9B6D-12374496243C}.Debug|Any CPU.Build.0 = Debug|Any CPU
		{7EE75823-94E2-4154-9B6D-12374496243C}.Release|Any CPU.ActiveCfg = Release|Any CPU
		{7EE75823-94E2-4154-9B6D-12374496243C}.Release|Any CPU.Build.0 = Release|Any CPU
		{682C30F1-BF90-4B2F-8F23-0782D7A9AD45}.Debug|Any CPU.ActiveCfg = Debug|Any CPU
		{682C30F1-BF90-4B2F-8F23-0782D7A9AD45}.Debug|Any CPU.Build.0 = Debug|Any CPU
		{682C30F1-BF90-4B2F-8F23-0782D7A9AD45}.Release|Any CPU.ActiveCfg = Release|Any CPU
		{682C30F1-BF90-4B2F-8F23-0782D7A9AD45}.Release|Any CPU.Build.0 = Release|Any CPU
		{4F8DB6BD-B393-4C06-BA14-9752ECE914BB}.Debug|Any CPU.ActiveCfg = Debug|Any CPU
		{4F8DB6BD-B393-4C06-BA14-9752ECE914BB}.Debug|Any CPU.Build.0 = Debug|Any CPU
		{4F8DB6BD-B393-4C06-BA14-9752ECE914BB}.Release|Any CPU.ActiveCfg = Release|Any CPU
		{4F8DB6BD-B393-4C06-BA14-9752ECE914BB}.Release|Any CPU.Build.0 = Release|Any CPU
		{3AF69D26-2975-483E-A390-CE66C8EEEA53}.Debug|Any CPU.ActiveCfg = Debug|Any CPU
		{3AF69D26-2975-483E-A390-CE66C8EEEA53}.Debug|Any CPU.Build.0 = Debug|Any CPU
		{3AF69D26-2975-483E-A390-CE66C8EEEA53}.Release|Any CPU.ActiveCfg = Release|Any CPU
		{3AF69D26-2975-483E-A390-CE66C8EEEA53}.Release|Any CPU.Build.0 = Release|Any CPU
		{6C8EF18A-2BF9-438C-B3D7-171DA427C8FC}.Debug|Any CPU.ActiveCfg = Debug|Any CPU
		{6C8EF18A-2BF9-438C-B3D7-171DA427C8FC}.Debug|Any CPU.Build.0 = Debug|Any CPU
		{6C8EF18A-2BF9-438C-B3D7-171DA427C8FC}.Release|Any CPU.ActiveCfg = Release|Any CPU
		{6C8EF18A-2BF9-438C-B3D7-171DA427C8FC}.Release|Any CPU.Build.0 = Release|Any CPU
		{C5CBCFFE-6FED-4997-8472-DB032C4FDF46}.Debug|Any CPU.ActiveCfg = Debug|Any CPU
		{C5CBCFFE-6FED-4997-8472-DB032C4FDF46}.Debug|Any CPU.Build.0 = Debug|Any CPU
		{C5CBCFFE-6FED-4997-8472-DB032C4FDF46}.Release|Any CPU.ActiveCfg = Release|Any CPU
		{C5CBCFFE-6FED-4997-8472-DB032C4FDF46}.Release|Any CPU.Build.0 = Release|Any CPU
		{A27FD99E-5E1D-45D2-AB03-7889D0DCF67C}.Debug|Any CPU.ActiveCfg = Debug|Any CPU
		{A27FD99E-5E1D-45D2-AB03-7889D0DCF67C}.Debug|Any CPU.Build.0 = Debug|Any CPU
		{A27FD99E-5E1D-45D2-AB03-7889D0DCF67C}.Release|Any CPU.ActiveCfg = Release|Any CPU
		{A27FD99E-5E1D-45D2-AB03-7889D0DCF67C}.Release|Any CPU.Build.0 = Release|Any CPU
		{84171ABD-6469-40C2-8A61-DEB3496FAD67}.Debug|Any CPU.ActiveCfg = Debug|Any CPU
		{84171ABD-6469-40C2-8A61-DEB3496FAD67}.Debug|Any CPU.Build.0 = Debug|Any CPU
		{84171ABD-6469-40C2-8A61-DEB3496FAD67}.Release|Any CPU.ActiveCfg = Release|Any CPU
		{84171ABD-6469-40C2-8A61-DEB3496FAD67}.Release|Any CPU.Build.0 = Release|Any CPU
		{3FB6736B-98DA-4205-BCBD-DAA383B43D41}.Debug|Any CPU.ActiveCfg = Debug|Any CPU
		{3FB6736B-98DA-4205-BCBD-DAA383B43D41}.Debug|Any CPU.Build.0 = Debug|Any CPU
		{3FB6736B-98DA-4205-BCBD-DAA383B43D41}.Release|Any CPU.ActiveCfg = Release|Any CPU
		{3FB6736B-98DA-4205-BCBD-DAA383B43D41}.Release|Any CPU.Build.0 = Release|Any CPU
		{8B966D03-7686-493C-BA11-EB1E5F387AD1}.Debug|Any CPU.ActiveCfg = Debug|Any CPU
		{8B966D03-7686-493C-BA11-EB1E5F387AD1}.Debug|Any CPU.Build.0 = Debug|Any CPU
		{8B966D03-7686-493C-BA11-EB1E5F387AD1}.Release|Any CPU.ActiveCfg = Release|Any CPU
		{8B966D03-7686-493C-BA11-EB1E5F387AD1}.Release|Any CPU.Build.0 = Release|Any CPU
		{C9D4B2BD-74FE-4630-B246-D9D4693C8371}.Debug|Any CPU.ActiveCfg = Debug|Any CPU
		{C9D4B2BD-74FE-4630-B246-D9D4693C8371}.Debug|Any CPU.Build.0 = Debug|Any CPU
		{C9D4B2BD-74FE-4630-B246-D9D4693C8371}.Release|Any CPU.ActiveCfg = Release|Any CPU
		{C9D4B2BD-74FE-4630-B246-D9D4693C8371}.Release|Any CPU.Build.0 = Release|Any CPU
		{7C0A66C9-8010-4E9A-8D48-F5D58D666595}.Debug|Any CPU.ActiveCfg = Debug|Any CPU
		{7C0A66C9-8010-4E9A-8D48-F5D58D666595}.Debug|Any CPU.Build.0 = Debug|Any CPU
		{7C0A66C9-8010-4E9A-8D48-F5D58D666595}.Release|Any CPU.ActiveCfg = Release|Any CPU
		{7C0A66C9-8010-4E9A-8D48-F5D58D666595}.Release|Any CPU.Build.0 = Release|Any CPU
		{EED17BD9-1F0A-4CA0-AB4F-D0E3945B46A6}.Debug|Any CPU.ActiveCfg = Debug|Any CPU
		{EED17BD9-1F0A-4CA0-AB4F-D0E3945B46A6}.Debug|Any CPU.Build.0 = Debug|Any CPU
		{EED17BD9-1F0A-4CA0-AB4F-D0E3945B46A6}.Release|Any CPU.ActiveCfg = Release|Any CPU
		{EED17BD9-1F0A-4CA0-AB4F-D0E3945B46A6}.Release|Any CPU.Build.0 = Release|Any CPU
		{98509F14-C055-4D56-AADD-8232931B1ADE}.Debug|Any CPU.ActiveCfg = Debug|Any CPU
		{98509F14-C055-4D56-AADD-8232931B1ADE}.Debug|Any CPU.Build.0 = Debug|Any CPU
		{98509F14-C055-4D56-AADD-8232931B1ADE}.Release|Any CPU.ActiveCfg = Release|Any CPU
		{98509F14-C055-4D56-AADD-8232931B1ADE}.Release|Any CPU.Build.0 = Release|Any CPU
		{B78D2A1C-1C6E-4CC7-A22B-A8CA4FC65CEB}.Debug|Any CPU.ActiveCfg = Debug|Any CPU
		{B78D2A1C-1C6E-4CC7-A22B-A8CA4FC65CEB}.Debug|Any CPU.Build.0 = Debug|Any CPU
		{B78D2A1C-1C6E-4CC7-A22B-A8CA4FC65CEB}.Release|Any CPU.ActiveCfg = Release|Any CPU
		{B78D2A1C-1C6E-4CC7-A22B-A8CA4FC65CEB}.Release|Any CPU.Build.0 = Release|Any CPU
		{97D2CADD-2C6F-45A9-B8FF-900DDE3A1697}.Debug|Any CPU.ActiveCfg = Debug|Any CPU
		{97D2CADD-2C6F-45A9-B8FF-900DDE3A1697}.Debug|Any CPU.Build.0 = Debug|Any CPU
		{97D2CADD-2C6F-45A9-B8FF-900DDE3A1697}.Release|Any CPU.ActiveCfg = Release|Any CPU
		{97D2CADD-2C6F-45A9-B8FF-900DDE3A1697}.Release|Any CPU.Build.0 = Release|Any CPU
		{096737BB-308B-492E-A094-023137CA5838}.Debug|Any CPU.ActiveCfg = Debug|Any CPU
		{096737BB-308B-492E-A094-023137CA5838}.Debug|Any CPU.Build.0 = Debug|Any CPU
		{096737BB-308B-492E-A094-023137CA5838}.Release|Any CPU.ActiveCfg = Release|Any CPU
		{096737BB-308B-492E-A094-023137CA5838}.Release|Any CPU.Build.0 = Release|Any CPU
		{0A052557-47E8-4EB6-876B-E1FB37872970}.Debug|Any CPU.ActiveCfg = Debug|Any CPU
		{0A052557-47E8-4EB6-876B-E1FB37872970}.Debug|Any CPU.Build.0 = Debug|Any CPU
		{0A052557-47E8-4EB6-876B-E1FB37872970}.Release|Any CPU.ActiveCfg = Release|Any CPU
		{0A052557-47E8-4EB6-876B-E1FB37872970}.Release|Any CPU.Build.0 = Release|Any CPU
		{57B7C21B-8422-4F1B-BD58-7C5BA0CA1A8A}.Debug|Any CPU.ActiveCfg = Debug|Any CPU
		{57B7C21B-8422-4F1B-BD58-7C5BA0CA1A8A}.Debug|Any CPU.Build.0 = Debug|Any CPU
		{57B7C21B-8422-4F1B-BD58-7C5BA0CA1A8A}.Release|Any CPU.ActiveCfg = Release|Any CPU
		{57B7C21B-8422-4F1B-BD58-7C5BA0CA1A8A}.Release|Any CPU.Build.0 = Release|Any CPU
	EndGlobalSection
EndGlobal
