
Microsoft Visual Studio Solution File, Format Version 12.00
Project("{2150E333-8FDC-42A3-9474-1A3956D46DE8}") = "src", "src", "{24CCE723-1D99-4EE9-BD60-AA9DAC9C3CF9}"
EndProject
Project("{FAE04EC0-301F-11D3-BF4B-00C04F79EFBC}") = "Application", "src\Application\Application.csproj", "{28087118-5217-4C22-8AA5-38F131C488DC}"
EndProject
Project("{FAE04EC0-301F-11D3-BF4B-00C04F79EFBC}") = "Domain", "src\Domain\Domain.csproj", "{6863B06B-39D3-4F46-A0FF-7C8F8B22FBCA}"
EndProject
Project("{FAE04EC0-301F-11D3-BF4B-00C04F79EFBC}") = "Infrastructure", "src\Infrastructure\Infrastructure.csproj", "{5B5D6120-0749-4F98-A7CE-D373FA0204B1}"
EndProject
Project("{FAE04EC0-301F-11D3-BF4B-00C04F79EFBC}") = "WebApi", "src\WebApi\WebApi.csproj", "{1BA39DFA-4AA6-43F2-9F7A-DBB2BB7D2A00}"
EndProject
Global
	GlobalSection(SolutionConfigurationPlatforms) = preSolution
		Debug|Any CPU = Debug|Any CPU
		Release|Any CPU = Release|Any CPU
	EndGlobalSection
	GlobalSection(NestedProjects) = preSolution
		{28087118-5217-4C22-8AA5-38F131C488DC} = {24CCE723-1D99-4EE9-BD60-AA9DAC9C3CF9}
		{6863B06B-39D3-4F46-A0FF-7C8F8B22FBCA} = {24CCE723-1D99-4EE9-BD60-AA9DAC9C3CF9}
		{5B5D6120-0749-4F98-A7CE-D373FA0204B1} = {24CCE723-1D99-4EE9-BD60-AA9DAC9C3CF9}
		{1BA39DFA-4AA6-43F2-9F7A-DBB2BB7D2A00} = {24CCE723-1D99-4EE9-BD60-AA9DAC9C3CF9}
	EndGlobalSection
	GlobalSection(ProjectConfigurationPlatforms) = postSolution
		{28087118-5217-4C22-8AA5-38F131C488DC}.Debug|Any CPU.ActiveCfg = Debug|Any CPU
		{28087118-5217-4C22-8AA5-38F131C488DC}.Debug|Any CPU.Build.0 = Debug|Any CPU
		{28087118-5217-4C22-8AA5-38F131C488DC}.Release|Any CPU.ActiveCfg = Release|Any CPU
		{28087118-5217-4C22-8AA5-38F131C488DC}.Release|Any CPU.Build.0 = Release|Any CPU
		{6863B06B-39D3-4F46-A0FF-7C8F8B22FBCA}.Debug|Any CPU.ActiveCfg = Debug|Any CPU
		{6863B06B-39D3-4F46-A0FF-7C8F8B22FBCA}.Debug|Any CPU.Build.0 = Debug|Any CPU
		{6863B06B-39D3-4F46-A0FF-7C8F8B22FBCA}.Release|Any CPU.ActiveCfg = Release|Any CPU
		{6863B06B-39D3-4F46-A0FF-7C8F8B22FBCA}.Release|Any CPU.Build.0 = Release|Any CPU
		{5B5D6120-0749-4F98-A7CE-D373FA0204B1}.Debug|Any CPU.ActiveCfg = Debug|Any CPU
		{5B5D6120-0749-4F98-A7CE-D373FA0204B1}.Debug|Any CPU.Build.0 = Debug|Any CPU
		{5B5D6120-0749-4F98-A7CE-D373FA0204B1}.Release|Any CPU.ActiveCfg = Release|Any CPU
		{5B5D6120-0749-4F98-A7CE-D373FA0204B1}.Release|Any CPU.Build.0 = Release|Any CPU
		{1BA39DFA-4AA6-43F2-9F7A-DBB2BB7D2A00}.Debug|Any CPU.ActiveCfg = Debug|Any CPU
		{1BA39DFA-4AA6-43F2-9F7A-DBB2BB7D2A00}.Debug|Any CPU.Build.0 = Debug|Any CPU
		{1BA39DFA-4AA6-43F2-9F7A-DBB2BB7D2A00}.Release|Any CPU.ActiveCfg = Release|Any CPU
		{1BA39DFA-4AA6-43F2-9F7A-DBB2BB7D2A00}.Release|Any CPU.Build.0 = Release|Any CPU
	EndGlobalSection
EndGlobal
