Microsoft Visual Studio Solution File, Format Version 12.00
# Visual Studio Version 16
VisualStudioVersion = 16.0.0.0
MinimumVisualStudioVersion = 16.0.0.0
Project("{9A19103F-16F7-4668-BE54-9A1E7A4F7556}") = "XamarinApp", "XamarinApp\XamarinApp.csproj", "{CFE9AE17-5136-443A-82AB-FF7C2747C414}"
EndProject
Project("{FAE04EC0-301F-11D3-BF4B-00C04F79EFBC}") = "XamarinApp.Android", "XamarinApp.Android\XamarinApp.Android.csproj", "{741A80E2-5120-4EE5-A109-D727E8EA2891}"
EndProject
Project("{FAE04EC0-301F-11D3-BF4B-00C04F79EFBC}") = "XamarinApp.iOS", "XamarinApp.iOS\XamarinApp.iOS.csproj", "{5EC6B026-1AE0-4AF8-97AE-FA09416861AC}"
EndProject
Global
	GlobalSection(SolutionConfigurationPlatforms) = preSolution
		Debug|Any CPU = Debug|Any CPU
		Debug|iPhone = Debug|iPhone
		Debug|iPhoneSimulator = Debug|iPhoneSimulator
		Debug|x64 = Debug|x64
		Debug|x86 = Debug|x86
		Release|Any CPU = Release|Any CPU
		Release|iPhone = Release|iPhone
		Release|iPhoneSimulator = Release|iPhoneSimulator
		Release|x64 = Release|x64
		Release|x86 = Release|x86
	EndGlobalSection
	GlobalSection(ProjectConfigurationPlatforms) = postSolution
		{741A80E2-5120-4EE5-A109-D727E8EA2891}.Debug|Any CPU.ActiveCfg = Debug|Any CPU
		{741A80E2-5120-4EE5-A109-D727E8EA2891}.Debug|Any CPU.Build.0 = Debug|Any CPU
		{741A80E2-5120-4EE5-A109-D727E8EA2891}.Debug|Any CPU.Deploy.0 = Debug|Any CPU
		{741A80E2-5120-4EE5-A109-D727E8EA2891}.Debug|iPhone.ActiveCfg = Debug|Any CPU
		{741A80E2-5120-4EE5-A109-D727E8EA2891}.Debug|iPhone.Build.0 = Debug|Any CPU
		{741A80E2-5120-4EE5-A109-D727E8EA2891}.Debug|iPhone.Deploy.0 = Debug|Any CPU
		{741A80E2-5120-4EE5-A109-D727E8EA2891}.Debug|iPhoneSimulator.ActiveCfg = Debug|Any CPU
		{741A80E2-5120-4EE5-A109-D727E8EA2891}.Debug|iPhoneSimulator.Build.0 = Debug|Any CPU
		{741A80E2-5120-4EE5-A109-D727E8EA2891}.Debug|iPhoneSimulator.Deploy.0 = Debug|Any CPU
		{741A80E2-5120-4EE5-A109-D727E8EA2891}.Debug|x64.ActiveCfg = Debug|Any CPU
		{741A80E2-5120-4EE5-A109-D727E8EA2891}.Debug|x64.Build.0 = Debug|Any CPU
		{741A80E2-5120-4EE5-A109-D727E8EA2891}.Debug|x64.Deploy.0 = Debug|Any CPU
		{741A80E2-5120-4EE5-A109-D727E8EA2891}.Debug|x86.ActiveCfg = Debug|Any CPU
		{741A80E2-5120-4EE5-A109-D727E8EA2891}.Debug|x86.Build.0 = Debug|Any CPU
		{741A80E2-5120-4EE5-A109-D727E8EA2891}.Debug|x86.Deploy.0 = Debug|Any CPU
		{741A80E2-5120-4EE5-A109-D727E8EA2891}.Release|Any CPU.ActiveCfg = Release|Any CPU
		{741A80E2-5120-4EE5-A109-D727E8EA2891}.Release|Any CPU.Build.0 = Release|Any CPU
		{741A80E2-5120-4EE5-A109-D727E8EA2891}.Release|Any CPU.Deploy.0 = Release|Any CPU
		{741A80E2-5120-4EE5-A109-D727E8EA2891}.Release|iPhone.ActiveCfg = Release|Any CPU
		{741A80E2-5120-4EE5-A109-D727E8EA2891}.Release|iPhone.Build.0 = Release|Any CPU
		{741A80E2-5120-4EE5-A109-D727E8EA2891}.Release|iPhone.Deploy.0 = Release|Any CPU
		{741A80E2-5120-4EE5-A109-D727E8EA2891}.Release|iPhoneSimulator.ActiveCfg = Release|Any CPU
		{741A80E2-5120-4EE5-A109-D727E8EA2891}.Release|iPhoneSimulator.Build.0 = Release|Any CPU
		{741A80E2-5120-4EE5-A109-D727E8EA2891}.Release|iPhoneSimulator.Deploy.0 = Release|Any CPU
		{741A80E2-5120-4EE5-A109-D727E8EA2891}.Release|x64.ActiveCfg = Release|Any CPU
		{741A80E2-5120-4EE5-A109-D727E8EA2891}.Release|x64.Build.0 = Release|Any CPU
		{741A80E2-5120-4EE5-A109-D727E8EA2891}.Release|x64.Deploy.0 = Release|Any CPU
		{741A80E2-5120-4EE5-A109-D727E8EA2891}.Release|x86.ActiveCfg = Release|Any CPU
		{741A80E2-5120-4EE5-A109-D727E8EA2891}.Release|x86.Build.0 = Release|Any CPU
		{741A80E2-5120-4EE5-A109-D727E8EA2891}.Release|x86.Deploy.0 = Release|Any CPU
		{CFE9AE17-5136-443A-82AB-FF7C2747C414}.Debug|Any CPU.ActiveCfg = Debug|Any CPU
		{CFE9AE17-5136-443A-82AB-FF7C2747C414}.Debug|Any CPU.Build.0 = Debug|Any CPU
		{CFE9AE17-5136-443A-82AB-FF7C2747C414}.Debug|iPhone.ActiveCfg = Debug|Any CPU
		{CFE9AE17-5136-443A-82AB-FF7C2747C414}.Debug|iPhone.Build.0 = Debug|Any CPU
		{CFE9AE17-5136-443A-82AB-FF7C2747C414}.Debug|iPhoneSimulator.ActiveCfg = Debug|Any CPU
		{CFE9AE17-5136-443A-82AB-FF7C2747C414}.Debug|iPhoneSimulator.Build.0 = Debug|Any CPU
		{CFE9AE17-5136-443A-82AB-FF7C2747C414}.Debug|x64.ActiveCfg = Debug|Any CPU
		{CFE9AE17-5136-443A-82AB-FF7C2747C414}.Debug|x64.Build.0 = Debug|Any CPU
		{CFE9AE17-5136-443A-82AB-FF7C2747C414}.Debug|x86.ActiveCfg = Debug|Any CPU
		{CFE9AE17-5136-443A-82AB-FF7C2747C414}.Debug|x86.Build.0 = Debug|Any CPU
		{CFE9AE17-5136-443A-82AB-FF7C2747C414}.Release|Any CPU.ActiveCfg = Release|Any CPU
		{CFE9AE17-5136-443A-82AB-FF7C2747C414}.Release|Any CPU.Build.0 = Release|Any CPU
		{CFE9AE17-5136-443A-82AB-FF7C2747C414}.Release|iPhone.ActiveCfg = Release|Any CPU
		{CFE9AE17-5136-443A-82AB-FF7C2747C414}.Release|iPhone.Build.0 = Release|Any CPU
		{CFE9AE17-5136-443A-82AB-FF7C2747C414}.Release|iPhoneSimulator.ActiveCfg = Release|Any CPU
		{CFE9AE17-5136-443A-82AB-FF7C2747C414}.Release|iPhoneSimulator.Build.0 = Release|Any CPU
		{CFE9AE17-5136-443A-82AB-FF7C2747C414}.Release|x64.ActiveCfg = Release|Any CPU
		{CFE9AE17-5136-443A-82AB-FF7C2747C414}.Release|x64.Build.0 = Release|Any CPU
		{CFE9AE17-5136-443A-82AB-FF7C2747C414}.Release|x86.ActiveCfg = Release|Any CPU
		{CFE9AE17-5136-443A-82AB-FF7C2747C414}.Release|x86.Build.0 = Release|Any CPU
		{5EC6B026-1AE0-4AF8-97AE-FA09416861AC}.Debug|Any CPU.ActiveCfg = Debug|iPhone
		{5EC6B026-1AE0-4AF8-97AE-FA09416861AC}.Debug|iPhone.ActiveCfg = Debug|iPhone
		{5EC6B026-1AE0-4AF8-97AE-FA09416861AC}.Debug|iPhone.Build.0 = Debug|iPhone
		{5EC6B026-1AE0-4AF8-97AE-FA09416861AC}.Debug|iPhoneSimulator.ActiveCfg = Debug|iPhoneSimulator
		{5EC6B026-1AE0-4AF8-97AE-FA09416861AC}.Debug|iPhoneSimulator.Build.0 = Debug|iPhoneSimulator
		{5EC6B026-1AE0-4AF8-97AE-FA09416861AC}.Debug|x64.ActiveCfg = Debug|iPhone
		{5EC6B026-1AE0-4AF8-97AE-FA09416861AC}.Debug|x86.ActiveCfg = Debug|iPhone
		{5EC6B026-1AE0-4AF8-97AE-FA09416861AC}.Release|Any CPU.ActiveCfg = Release|iPhone
		{5EC6B026-1AE0-4AF8-97AE-FA09416861AC}.Release|iPhone.ActiveCfg = Release|iPhone
		{5EC6B026-1AE0-4AF8-97AE-FA09416861AC}.Release|iPhone.Build.0 = Release|iPhone
		{5EC6B026-1AE0-4AF8-97AE-FA09416861AC}.Release|iPhoneSimulator.ActiveCfg = Release|iPhoneSimulator
		{5EC6B026-1AE0-4AF8-97AE-FA09416861AC}.Release|iPhoneSimulator.Build.0 = Release|iPhoneSimulator
		{5EC6B026-1AE0-4AF8-97AE-FA09416861AC}.Release|x64.ActiveCfg = Release|iPhone
		{5EC6B026-1AE0-4AF8-97AE-FA09416861AC}.Release|x86.ActiveCfg = Release|iPhone
	EndGlobalSection
	GlobalSection(SolutionProperties) = preSolution
		HideSolutionNode = FALSE
	EndGlobalSection
	GlobalSection(ExtensibilityGlobals) = postSolution
		SolutionGuid = {4C19D846-EDED-441D-BCBA-EE77019F92C4}
	EndGlobalSection
EndGlobal